// !$*UTF8*$!
{
	archiveVersion = 1;
	classes = {
	};
	objectVersion = 77;
	objects = {

/* Begin PBXBuildFile section */
		4D148A1E2F30EC2E00F8920D /* Assets.xcassets in Resources */ = {isa = PBXBuildFile; fileRef = 4D148A1A2F30EC2E00F8920D /* Assets.xcassets */; };
		4D148A1F2F30EC2E00F8920D /* ContentView.swift in Sources */ = {isa = PBXBuildFile; fileRef = 4D148A1B2F30EC2E00F8920D /* ContentView.swift */; };
		4D148A202F30EC2E00F8920D /* TravelScheduleApp.swift in Sources */ = {isa = PBXBuildFile; fileRef = 4D148A1C2F30EC2E00F8920D /* TravelScheduleApp.swift */; };
		4D148A242F30F0FD00F8920D /* OpenAPIRuntime in Frameworks */ = {isa = PBXBuildFile; productRef = 4D148A232F30F0FD00F8920D /* OpenAPIRuntime */; };
		4D148A272F30F11C00F8920D /* OpenAPIURLSession in Frameworks */ = {isa = PBXBuildFile; productRef = 4D148A262F30F11C00F8920D /* OpenAPIURLSession */; };
		4D148A3C2F3133D300F8920D /* openapi.yaml in Resources */ = {isa = PBXBuildFile; fileRef = 4D148A342F31299E00F8920D /* openapi.yaml */; };
		4D148A3D2F3133D300F8920D /* openapi-generator-config.yaml in Resources */ = {isa = PBXBuildFile; fileRef = 4D148A362F3129DD00F8920D /* openapi-generator-config.yaml */; };
		4D148A4A2F313F2C00F8920D /* NearestStationsService.swift in Sources */ = {isa = PBXBuildFile; fileRef = 4D148A492F313F2C00F8920D /* NearestStationsService.swift */; };
		4D148A5B2F328ED100F8920D /* CopyrightService.swift in Sources */ = {isa = PBXBuildFile; fileRef = 4D148A5A2F328ED100F8920D /* CopyrightService.swift */; };
		4D148A6B2F329F6A00F8920D /* ScheduleBetweenStationsService.swift in Sources */ = {isa = PBXBuildFile; fileRef = 4D148A6A2F329F6A00F8920D /* ScheduleBetweenStationsService.swift */; };
		4D148A7D2F336AB100F8920D /* StationScheduleService.swift in Sources */ = {isa = PBXBuildFile; fileRef = 4D148A7C2F336AB100F8920D /* StationScheduleService.swift */; };
		4D148A842F33849700F8920D /* ThreadStationsService.swift in Sources */ = {isa = PBXBuildFile; fileRef = 4D148A832F33849700F8920D /* ThreadStationsService.swift */; };
		4D148A902F33944F00F8920D /* NearestCityService.swift in Sources */ = {isa = PBXBuildFile; fileRef = 4D148A8F2F33944F00F8920D /* NearestCityService.swift */; };
		4D148A982F339CAD00F8920D /* CarrierInfoService.swift in Sources */ = {isa = PBXBuildFile; fileRef = 4D148A972F339CAD00F8920D /* CarrierInfoService.swift */; };
		4D148AAB2F33C3C000F8920D /* AllStationsService.swift in Sources */ = {isa = PBXBuildFile; fileRef = 4D148AAA2F33C3C000F8920D /* AllStationsService.swift */; };
		4D9FCFA32F3E082B006FD2EC /* Configuration.plist in Resources */ = {isa = PBXBuildFile; fileRef = 4D9FCFA22F3E082B006FD2EC /* Configuration.plist */; };
		4D9FCFBA2F3E0F09006FD2EC /* AppConfiguration.swift in Sources */ = {isa = PBXBuildFile; fileRef = 4D9FCFB82F3E0F09006FD2EC /* AppConfiguration.swift */; };
		4D9FCFBE2F3E12B0006FD2EC /* Configuration.example.plist in Resources */ = {isa = PBXBuildFile; fileRef = 4D9FCFBD2F3E12B0006FD2EC /* Configuration.example.plist */; };
		4D9FD0572F3E6213006FD2EC /* MainScreen.swift in Sources */ = {isa = PBXBuildFile; fileRef = 4D9FD0562F3E6213006FD2EC /* MainScreen.swift */; };
		4D9FD05D2F3E63E4006FD2EC /* TabBarView.swift in Sources */ = {isa = PBXBuildFile; fileRef = 4D9FD05C2F3E63E4006FD2EC /* TabBarView.swift */; };
		4D9FD0692F3E647A006FD2EC /* SettingsScreen.swift in Sources */ = {isa = PBXBuildFile; fileRef = 4D9FD0682F3E647A006FD2EC /* SettingsScreen.swift */; };
		4D9FD0742F3E658E006FD2EC /* SplashScreen.swift in Sources */ = {isa = PBXBuildFile; fileRef = 4D9FD0722F3E658E006FD2EC /* SplashScreen.swift */; };
		4D9FD0842F3E73AE006FD2EC /* StoriesCarouselView.swift in Sources */ = {isa = PBXBuildFile; fileRef = 4D9FD0832F3E73AE006FD2EC /* StoriesCarouselView.swift */; };
		4D9FD0872F3E73DC006FD2EC /* RouteInputCardView.swift in Sources */ = {isa = PBXBuildFile; fileRef = 4D9FD0862F3E73DC006FD2EC /* RouteInputCardView.swift */; };
		4D9FD08D2F3E7507006FD2EC /* RouteFieldsView.swift in Sources */ = {isa = PBXBuildFile; fileRef = 4D9FD08C2F3E7507006FD2EC /* RouteFieldsView.swift */; };
		4D9FD0932F3E751E006FD2EC /* SwapButton.swift in Sources */ = {isa = PBXBuildFile; fileRef = 4D9FD0922F3E751E006FD2EC /* SwapButton.swift */; };
		4DD9BABA2F433ECD0020B81E /* City.swift in Sources */ = {isa = PBXBuildFile; fileRef = 4DD9BAB82F433ECD0020B81E /* City.swift */; };
		4DD9BABE2F433EE10020B81E /* Station.swift in Sources */ = {isa = PBXBuildFile; fileRef = 4DD9BABD2F433EE10020B81E /* Station.swift */; };
		4DD9BAC22F433F050020B81E /* Direction.swift in Sources */ = {isa = PBXBuildFile; fileRef = 4DD9BAC12F433F050020B81E /* Direction.swift */; };
		4DD9BAC62F433F6C0020B81E /* Selection.swift in Sources */ = {isa = PBXBuildFile; fileRef = 4DD9BAC52F433F6C0020B81E /* Selection.swift */; };
		4DD9BAE72F435DCE0020B81E /* StationsReferenceParser.swift in Sources */ = {isa = PBXBuildFile; fileRef = 4DD9BAE52F435DCE0020B81E /* StationsReferenceParser.swift */; };
		4DD9BAFD2F43963E0020B81E /* AppErrorState.swift in Sources */ = {isa = PBXBuildFile; fileRef = 4DD9BAFC2F43963E0020B81E /* AppErrorState.swift */; };
		4DD9BB012F43965B0020B81E /* ErrorView.swift in Sources */ = {isa = PBXBuildFile; fileRef = 4DD9BB002F43965B0020B81E /* ErrorView.swift */; };
/* End PBXBuildFile section */

/* Begin PBXFileReference section */
		4D148A042F2BF12B00F8920D /* TravelSchedule.app */ = {isa = PBXFileReference; explicitFileType = wrapper.application; includeInIndex = 0; path = TravelSchedule.app; sourceTree = BUILT_PRODUCTS_DIR; };
		4D148A1A2F30EC2E00F8920D /* Assets.xcassets */ = {isa = PBXFileReference; lastKnownFileType = folder.assetcatalog; path = Assets.xcassets; sourceTree = "<group>"; };
		4D148A1B2F30EC2E00F8920D /* ContentView.swift */ = {isa = PBXFileReference; lastKnownFileType = sourcecode.swift; path = ContentView.swift; sourceTree = "<group>"; };
		4D148A1C2F30EC2E00F8920D /* TravelScheduleApp.swift */ = {isa = PBXFileReference; lastKnownFileType = sourcecode.swift; path = TravelScheduleApp.swift; sourceTree = "<group>"; };
		4D148A342F31299E00F8920D /* openapi.yaml */ = {isa = PBXFileReference; lastKnownFileType = text.yaml; path = openapi.yaml; sourceTree = "<group>"; };
		4D148A362F3129DD00F8920D /* openapi-generator-config.yaml */ = {isa = PBXFileReference; lastKnownFileType = text.yaml; path = "openapi-generator-config.yaml"; sourceTree = "<group>"; };
		4D148A492F313F2C00F8920D /* NearestStationsService.swift */ = {isa = PBXFileReference; lastKnownFileType = sourcecode.swift; path = NearestStationsService.swift; sourceTree = "<group>"; };
		4D148A5A2F328ED100F8920D /* CopyrightService.swift */ = {isa = PBXFileReference; lastKnownFileType = sourcecode.swift; path = CopyrightService.swift; sourceTree = "<group>"; };
		4D148A6A2F329F6A00F8920D /* ScheduleBetweenStationsService.swift */ = {isa = PBXFileReference; lastKnownFileType = sourcecode.swift; path = ScheduleBetweenStationsService.swift; sourceTree = "<group>"; };
		4D148A7C2F336AB100F8920D /* StationScheduleService.swift */ = {isa = PBXFileReference; lastKnownFileType = sourcecode.swift; path = StationScheduleService.swift; sourceTree = "<group>"; };
		4D148A832F33849700F8920D /* ThreadStationsService.swift */ = {isa = PBXFileReference; lastKnownFileType = sourcecode.swift; path = ThreadStationsService.swift; sourceTree = "<group>"; };
		4D148A8F2F33944F00F8920D /* NearestCityService.swift */ = {isa = PBXFileReference; lastKnownFileType = sourcecode.swift; path = NearestCityService.swift; sourceTree = "<group>"; };
		4D148A972F339CAD00F8920D /* CarrierInfoService.swift */ = {isa = PBXFileReference; lastKnownFileType = sourcecode.swift; path = CarrierInfoService.swift; sourceTree = "<group>"; };
		4D148AAA2F33C3C000F8920D /* AllStationsService.swift */ = {isa = PBXFileReference; lastKnownFileType = sourcecode.swift; path = AllStationsService.swift; sourceTree = "<group>"; };
		4D9FCFA22F3E082B006FD2EC /* Configuration.plist */ = {isa = PBXFileReference; lastKnownFileType = text.plist.xml; path = Configuration.plist; sourceTree = "<group>"; };
		4D9FCFB82F3E0F09006FD2EC /* AppConfiguration.swift */ = {isa = PBXFileReference; lastKnownFileType = sourcecode.swift; path = AppConfiguration.swift; sourceTree = "<group>"; };
		4D9FCFBD2F3E12B0006FD2EC /* Configuration.example.plist */ = {isa = PBXFileReference; lastKnownFileType = text.plist.xml; path = Configuration.example.plist; sourceTree = "<group>"; };
		4D9FCFCE2F3E181C006FD2EC /* .gitignore */ = {isa = PBXFileReference; lastKnownFileType = text; path = .gitignore; sourceTree = "<group>"; };
		4D9FD0322F3E4B00006FD2EC /* Info.plist */ = {isa = PBXFileReference; lastKnownFileType = text.plist.xml; path = Info.plist; sourceTree = "<group>"; };
		4D9FD0562F3E6213006FD2EC /* MainScreen.swift */ = {isa = PBXFileReference; lastKnownFileType = sourcecode.swift; path = MainScreen.swift; sourceTree = "<group>"; };
		4D9FD05C2F3E63E4006FD2EC /* TabBarView.swift */ = {isa = PBXFileReference; lastKnownFileType = sourcecode.swift; path = TabBarView.swift; sourceTree = "<group>"; };
		4D9FD0682F3E647A006FD2EC /* SettingsScreen.swift */ = {isa = PBXFileReference; lastKnownFileType = sourcecode.swift; path = SettingsScreen.swift; sourceTree = "<group>"; };
		4D9FD0722F3E658E006FD2EC /* SplashScreen.swift */ = {isa = PBXFileReference; lastKnownFileType = sourcecode.swift; path = SplashScreen.swift; sourceTree = "<group>"; };
		4D9FD0832F3E73AE006FD2EC /* StoriesCarouselView.swift */ = {isa = PBXFileReference; lastKnownFileType = sourcecode.swift; path = StoriesCarouselView.swift; sourceTree = "<group>"; };
		4D9FD0862F3E73DC006FD2EC /* RouteInputCardView.swift */ = {isa = PBXFileReference; lastKnownFileType = sourcecode.swift; path = RouteInputCardView.swift; sourceTree = "<group>"; };
		4D9FD08C2F3E7507006FD2EC /* RouteFieldsView.swift */ = {isa = PBXFileReference; lastKnownFileType = sourcecode.swift; path = RouteFieldsView.swift; sourceTree = "<group>"; };
		4D9FD0922F3E751E006FD2EC /* SwapButton.swift */ = {isa = PBXFileReference; lastKnownFileType = sourcecode.swift; path = SwapButton.swift; sourceTree = "<group>"; };
		4DD9BAB82F433ECD0020B81E /* City.swift */ = {isa = PBXFileReference; lastKnownFileType = sourcecode.swift; path = City.swift; sourceTree = "<group>"; };
		4DD9BABD2F433EE10020B81E /* Station.swift */ = {isa = PBXFileReference; lastKnownFileType = sourcecode.swift; path = Station.swift; sourceTree = "<group>"; };
		4DD9BAC12F433F050020B81E /* Direction.swift */ = {isa = PBXFileReference; lastKnownFileType = sourcecode.swift; path = Direction.swift; sourceTree = "<group>"; };
		4DD9BAC52F433F6C0020B81E /* Selection.swift */ = {isa = PBXFileReference; lastKnownFileType = sourcecode.swift; path = Selection.swift; sourceTree = "<group>"; };
		4DD9BAE52F435DCE0020B81E /* StationsReferenceParser.swift */ = {isa = PBXFileReference; lastKnownFileType = sourcecode.swift; path = StationsReferenceParser.swift; sourceTree = "<group>"; };
		4DD9BAFC2F43963E0020B81E /* AppErrorState.swift */ = {isa = PBXFileReference; lastKnownFileType = sourcecode.swift; path = AppErrorState.swift; sourceTree = "<group>"; };
		4DD9BB002F43965B0020B81E /* ErrorView.swift */ = {isa = PBXFileReference; lastKnownFileType = sourcecode.swift; path = ErrorView.swift; sourceTree = "<group>"; };
/* End PBXFileReference section */

/* Begin PBXFrameworksBuildPhase section */
		4D148A012F2BF12B00F8920D /* Frameworks */ = {
			isa = PBXFrameworksBuildPhase;
			buildActionMask = 2147483647;
			files = (
				4D148A272F30F11C00F8920D /* OpenAPIURLSession in Frameworks */,
				4D148A242F30F0FD00F8920D /* OpenAPIRuntime in Frameworks */,
			);
			runOnlyForDeploymentPostprocessing = 0;
		};
/* End PBXFrameworksBuildPhase section */

/* Begin PBXGroup section */
		4D1489FB2F2BF12B00F8920D = {
			isa = PBXGroup;
			children = (
				4D9FCFCE2F3E181C006FD2EC /* .gitignore */,
				4D148A1D2F30EC2E00F8920D /* TravelSchedule */,
				4D148A052F2BF12B00F8920D /* Products */,
			);
			sourceTree = "<group>";
		};
		4D148A052F2BF12B00F8920D /* Products */ = {
			isa = PBXGroup;
			children = (
				4D148A042F2BF12B00F8920D /* TravelSchedule.app */,
			);
			name = Products;
			sourceTree = "<group>";
		};
		4D148A1D2F30EC2E00F8920D /* TravelSchedule */ = {
			isa = PBXGroup;
			children = (
				4DD9BAB92F433ECD0020B81E /* Domain Models */,
				4D9FCFB92F3E0F09006FD2EC /* App */,
				4D148A502F313F8A00F8920D /* Views */,
				4D9FD0622F3E63F7006FD2EC /* Navigation */,
				4DD9BAD02F434DF30020B81E /* Data */,
				4D148A452F313F1300F8920D /* Services */,
				4D148A352F31299E00F8920D /* openapi */,
				4D9FCFAC2F3E0EC3006FD2EC /* Resources */,
			);
			path = TravelSchedule;
			sourceTree = "<group>";
		};
		4D148A352F31299E00F8920D /* openapi */ = {
			isa = PBXGroup;
			children = (
				4D148A342F31299E00F8920D /* openapi.yaml */,
				4D148A362F3129DD00F8920D /* openapi-generator-config.yaml */,
			);
			path = openapi;
			sourceTree = "<group>";
		};
		4D148A452F313F1300F8920D /* Services */ = {
			isa = PBXGroup;
			children = (
				4D148A492F313F2C00F8920D /* NearestStationsService.swift */,
				4D148A5A2F328ED100F8920D /* CopyrightService.swift */,
				4D148A6A2F329F6A00F8920D /* ScheduleBetweenStationsService.swift */,
				4D148A7C2F336AB100F8920D /* StationScheduleService.swift */,
				4D148A832F33849700F8920D /* ThreadStationsService.swift */,
				4D148A8F2F33944F00F8920D /* NearestCityService.swift */,
				4D148A972F339CAD00F8920D /* CarrierInfoService.swift */,
				4D148AAA2F33C3C000F8920D /* AllStationsService.swift */,
			);
			path = Services;
			sourceTree = "<group>";
		};
		4D148A502F313F8A00F8920D /* Views */ = {
			isa = PBXGroup;
			children = (
				4D9FD0732F3E658E006FD2EC /* Screens */,
				4D9FD07F2F3E65BB006FD2EC /* UIViews */,
				4DD9BAF82F4395B90020B81E /* States */,
				4D148A1B2F30EC2E00F8920D /* ContentView.swift */,
			);
			path = Views;
			sourceTree = "<group>";
		};
		4D9FCFAC2F3E0EC3006FD2EC /* Resources */ = {
			isa = PBXGroup;
			children = (
				4D9FCFA22F3E082B006FD2EC /* Configuration.plist */,
				4D9FCFBD2F3E12B0006FD2EC /* Configuration.example.plist */,
				4D148A1A2F30EC2E00F8920D /* Assets.xcassets */,
				4D9FD0322F3E4B00006FD2EC /* Info.plist */,
			);
			path = Resources;
			sourceTree = "<group>";
		};
		4D9FCFB92F3E0F09006FD2EC /* App */ = {
			isa = PBXGroup;
			children = (
				4D148A1C2F30EC2E00F8920D /* TravelScheduleApp.swift */,
				4D9FCFB82F3E0F09006FD2EC /* AppConfiguration.swift */,
			);
			path = App;
			sourceTree = "<group>";
		};
		4D9FD0622F3E63F7006FD2EC /* Navigation */ = {
			isa = PBXGroup;
			children = (
				4D9FD05C2F3E63E4006FD2EC /* TabBarView.swift */,
			);
			path = Navigation;
			sourceTree = "<group>";
		};
		4D9FD0732F3E658E006FD2EC /* Screens */ = {
			isa = PBXGroup;
			children = (
				4D9FD0722F3E658E006FD2EC /* SplashScreen.swift */,
				4D9FD0562F3E6213006FD2EC /* MainScreen.swift */,
				4D9FD0682F3E647A006FD2EC /* SettingsScreen.swift */,
			);
			path = Screens;
			sourceTree = "<group>";
		};
		4D9FD07F2F3E65BB006FD2EC /* UIViews */ = {
			isa = PBXGroup;
			children = (
				4D9FD0832F3E73AE006FD2EC /* StoriesCarouselView.swift */,
				4D9FD0862F3E73DC006FD2EC /* RouteInputCardView.swift */,
				4D9FD08C2F3E7507006FD2EC /* RouteFieldsView.swift */,
				4D9FD0922F3E751E006FD2EC /* SwapButton.swift */,
			);
			path = UIViews;
			sourceTree = "<group>";
		};
		4DD9BAB92F433ECD0020B81E /* Domain Models */ = {
			isa = PBXGroup;
			children = (
				4DD9BAB82F433ECD0020B81E /* City.swift */,
				4DD9BABD2F433EE10020B81E /* Station.swift */,
				4DD9BAC12F433F050020B81E /* Direction.swift */,
				4DD9BAC52F433F6C0020B81E /* Selection.swift */,
			);
			path = "Domain Models";
			sourceTree = "<group>";
		};
		4DD9BAD02F434DF30020B81E /* Data */ = {
			isa = PBXGroup;
			children = (
				4DD9BAE62F435DCE0020B81E /* Parsing */,
			);
			path = Data;
			sourceTree = "<group>";
		};
		4DD9BAE62F435DCE0020B81E /* Parsing */ = {
			isa = PBXGroup;
			children = (
				4DD9BAE52F435DCE0020B81E /* StationsReferenceParser.swift */,
			);
			path = Parsing;
			sourceTree = "<group>";
		};
		4DD9BAF82F4395B90020B81E /* States */ = {
			isa = PBXGroup;
			children = (
				4DD9BAFC2F43963E0020B81E /* AppErrorState.swift */,
				4DD9BB002F43965B0020B81E /* ErrorView.swift */,
			);
			path = States;
			sourceTree = "<group>";
		};
/* End PBXGroup section */

/* Begin PBXNativeTarget section */
		4D148A032F2BF12B00F8920D /* TravelSchedule */ = {
			isa = PBXNativeTarget;
			buildConfigurationList = 4D148A0F2F2BF12C00F8920D /* Build configuration list for PBXNativeTarget "TravelSchedule" */;
			buildPhases = (
				4D148A002F2BF12B00F8920D /* Sources */,
				4D148A012F2BF12B00F8920D /* Frameworks */,
				4D148A022F2BF12B00F8920D /* Resources */,
			);
			buildRules = (
			);
			dependencies = (
				4D148A2F2F30F32100F8920D /* PBXTargetDependency */,
			);
			name = TravelSchedule;
			packageProductDependencies = (
				4D148A232F30F0FD00F8920D /* OpenAPIRuntime */,
				4D148A262F30F11C00F8920D /* OpenAPIURLSession */,
			);
			productName = TravelSchedule;
			productReference = 4D148A042F2BF12B00F8920D /* TravelSchedule.app */;
			productType = "com.apple.product-type.application";
		};
/* End PBXNativeTarget section */

/* Begin PBXProject section */
		4D1489FC2F2BF12B00F8920D /* Project object */ = {
			isa = PBXProject;
			attributes = {
				BuildIndependentTargetsInParallel = 1;
				LastSwiftUpdateCheck = 2600;
				LastUpgradeCheck = 2600;
				TargetAttributes = {
					4D148A032F2BF12B00F8920D = {
						CreatedOnToolsVersion = 26.0.1;
					};
				};
			};
			buildConfigurationList = 4D1489FF2F2BF12B00F8920D /* Build configuration list for PBXProject "TravelSchedule" */;
			developmentRegion = en;
			hasScannedForEncodings = 0;
			knownRegions = (
				en,
				Base,
			);
			mainGroup = 4D1489FB2F2BF12B00F8920D;
			minimizedProjectReferenceProxies = 1;
			packageReferences = (
				4D148A212F30F0B800F8920D /* XCRemoteSwiftPackageReference "swift-openapi-generator" */,
				4D148A222F30F0FD00F8920D /* XCRemoteSwiftPackageReference "swift-openapi-runtime" */,
				4D148A252F30F11C00F8920D /* XCRemoteSwiftPackageReference "swift-openapi-urlsession" */,
			);
			preferredProjectObjectVersion = 77;
			productRefGroup = 4D148A052F2BF12B00F8920D /* Products */;
			projectDirPath = "";
			projectRoot = "";
			targets = (
				4D148A032F2BF12B00F8920D /* TravelSchedule */,
			);
		};
/* End PBXProject section */

/* Begin PBXResourcesBuildPhase section */
		4D148A022F2BF12B00F8920D /* Resources */ = {
			isa = PBXResourcesBuildPhase;
			buildActionMask = 2147483647;
			files = (
				4D9FCFBE2F3E12B0006FD2EC /* Configuration.example.plist in Resources */,
				4D148A3C2F3133D300F8920D /* openapi.yaml in Resources */,
				4D9FCFA32F3E082B006FD2EC /* Configuration.plist in Resources */,
				4D148A3D2F3133D300F8920D /* openapi-generator-config.yaml in Resources */,
				4D148A1E2F30EC2E00F8920D /* Assets.xcassets in Resources */,
			);
			runOnlyForDeploymentPostprocessing = 0;
		};
/* End PBXResourcesBuildPhase section */

/* Begin PBXSourcesBuildPhase section */
		4D148A002F2BF12B00F8920D /* Sources */ = {
			isa = PBXSourcesBuildPhase;
			buildActionMask = 2147483647;
			files = (
				4D9FD0742F3E658E006FD2EC /* SplashScreen.swift in Sources */,
				4D148A1F2F30EC2E00F8920D /* ContentView.swift in Sources */,
				4D9FD05D2F3E63E4006FD2EC /* TabBarView.swift in Sources */,
				4D148A4A2F313F2C00F8920D /* NearestStationsService.swift in Sources */,
				4D148AAB2F33C3C000F8920D /* AllStationsService.swift in Sources */,
				4D148A202F30EC2E00F8920D /* TravelScheduleApp.swift in Sources */,
				4DD9BABA2F433ECD0020B81E /* City.swift in Sources */,
				4D9FD0842F3E73AE006FD2EC /* StoriesCarouselView.swift in Sources */,
				4D9FD0572F3E6213006FD2EC /* MainScreen.swift in Sources */,
				4D148A7D2F336AB100F8920D /* StationScheduleService.swift in Sources */,
				4D9FCFBA2F3E0F09006FD2EC /* AppConfiguration.swift in Sources */,
				4DD9BB012F43965B0020B81E /* ErrorView.swift in Sources */,
				4D148A5B2F328ED100F8920D /* CopyrightService.swift in Sources */,
				4D9FD0932F3E751E006FD2EC /* SwapButton.swift in Sources */,
				4DD9BABE2F433EE10020B81E /* Station.swift in Sources */,
				4D9FD0872F3E73DC006FD2EC /* RouteInputCardView.swift in Sources */,
				4D148A982F339CAD00F8920D /* CarrierInfoService.swift in Sources */,
				4D9FD08D2F3E7507006FD2EC /* RouteFieldsView.swift in Sources */,
				4DD9BAE72F435DCE0020B81E /* StationsReferenceParser.swift in Sources */,
				4DD9BAC22F433F050020B81E /* Direction.swift in Sources */,
				4D148A6B2F329F6A00F8920D /* ScheduleBetweenStationsService.swift in Sources */,
				4D148A842F33849700F8920D /* ThreadStationsService.swift in Sources */,
				4D9FD0692F3E647A006FD2EC /* SettingsScreen.swift in Sources */,
				4DD9BAFD2F43963E0020B81E /* AppErrorState.swift in Sources */,
				4DD9BAC62F433F6C0020B81E /* Selection.swift in Sources */,
				4D148A902F33944F00F8920D /* NearestCityService.swift in Sources */,
			);
			runOnlyForDeploymentPostprocessing = 0;
		};
/* End PBXSourcesBuildPhase section */

/* Begin PBXTargetDependency section */
		4D148A2F2F30F32100F8920D /* PBXTargetDependency */ = {
			isa = PBXTargetDependency;
			productRef = 4D148A2E2F30F32100F8920D /* OpenAPIGenerator */;
		};
/* End PBXTargetDependency section */

/* Begin XCBuildConfiguration section */
		4D148A0D2F2BF12C00F8920D /* Debug */ = {
			isa = XCBuildConfiguration;
			buildSettings = {
				ALWAYS_SEARCH_USER_PATHS = NO;
				ASSETCATALOG_COMPILER_GENERATE_SWIFT_ASSET_SYMBOL_EXTENSIONS = YES;
				CLANG_ANALYZER_NONNULL = YES;
				CLANG_ANALYZER_NUMBER_OBJECT_CONVERSION = YES_AGGRESSIVE;
				CLANG_CXX_LANGUAGE_STANDARD = "gnu++20";
				CLANG_ENABLE_MODULES = YES;
				CLANG_ENABLE_OBJC_ARC = YES;
				CLANG_ENABLE_OBJC_WEAK = YES;
				CLANG_WARN_BLOCK_CAPTURE_AUTORELEASING = YES;
				CLANG_WARN_BOOL_CONVERSION = YES;
				CLANG_WARN_COMMA = YES;
				CLANG_WARN_CONSTANT_CONVERSION = YES;
				CLANG_WARN_DEPRECATED_OBJC_IMPLEMENTATIONS = YES;
				CLANG_WARN_DIRECT_OBJC_ISA_USAGE = YES_ERROR;
				CLANG_WARN_DOCUMENTATION_COMMENTS = YES;
				CLANG_WARN_EMPTY_BODY = YES;
				CLANG_WARN_ENUM_CONVERSION = YES;
				CLANG_WARN_INFINITE_RECURSION = YES;
				CLANG_WARN_INT_CONVERSION = YES;
				CLANG_WARN_NON_LITERAL_NULL_CONVERSION = YES;
				CLANG_WARN_OBJC_IMPLICIT_RETAIN_SELF = YES;
				CLANG_WARN_OBJC_LITERAL_CONVERSION = YES;
				CLANG_WARN_OBJC_ROOT_CLASS = YES_ERROR;
				CLANG_WARN_QUOTED_INCLUDE_IN_FRAMEWORK_HEADER = YES;
				CLANG_WARN_RANGE_LOOP_ANALYSIS = YES;
				CLANG_WARN_STRICT_PROTOTYPES = YES;
				CLANG_WARN_SUSPICIOUS_MOVE = YES;
				CLANG_WARN_UNGUARDED_AVAILABILITY = YES_AGGRESSIVE;
				CLANG_WARN_UNREACHABLE_CODE = YES;
				CLANG_WARN__DUPLICATE_METHOD_MATCH = YES;
				COPY_PHASE_STRIP = NO;
				DEBUG_INFORMATION_FORMAT = dwarf;
				ENABLE_STRICT_OBJC_MSGSEND = YES;
				ENABLE_TESTABILITY = YES;
				ENABLE_USER_SCRIPT_SANDBOXING = YES;
				GCC_C_LANGUAGE_STANDARD = gnu17;
				GCC_DYNAMIC_NO_PIC = NO;
				GCC_NO_COMMON_BLOCKS = YES;
				GCC_OPTIMIZATION_LEVEL = 0;
				GCC_PREPROCESSOR_DEFINITIONS = (
					"DEBUG=1",
					"$(inherited)",
				);
				GCC_WARN_64_TO_32_BIT_CONVERSION = YES;
				GCC_WARN_ABOUT_RETURN_TYPE = YES_ERROR;
				GCC_WARN_UNDECLARED_SELECTOR = YES;
				GCC_WARN_UNINITIALIZED_AUTOS = YES_AGGRESSIVE;
				GCC_WARN_UNUSED_FUNCTION = YES;
				GCC_WARN_UNUSED_VARIABLE = YES;
				IPHONEOS_DEPLOYMENT_TARGET = 26.0;
				LOCALIZATION_PREFERS_STRING_CATALOGS = YES;
				MTL_ENABLE_DEBUG_INFO = INCLUDE_SOURCE;
				MTL_FAST_MATH = YES;
				ONLY_ACTIVE_ARCH = YES;
				SDKROOT = iphoneos;
				SWIFT_ACTIVE_COMPILATION_CONDITIONS = "DEBUG $(inherited)";
				SWIFT_OPTIMIZATION_LEVEL = "-Onone";
			};
			name = Debug;
		};
		4D148A0E2F2BF12C00F8920D /* Release */ = {
			isa = XCBuildConfiguration;
			buildSettings = {
				ALWAYS_SEARCH_USER_PATHS = NO;
				ASSETCATALOG_COMPILER_GENERATE_SWIFT_ASSET_SYMBOL_EXTENSIONS = YES;
				CLANG_ANALYZER_NONNULL = YES;
				CLANG_ANALYZER_NUMBER_OBJECT_CONVERSION = YES_AGGRESSIVE;
				CLANG_CXX_LANGUAGE_STANDARD = "gnu++20";
				CLANG_ENABLE_MODULES = YES;
				CLANG_ENABLE_OBJC_ARC = YES;
				CLANG_ENABLE_OBJC_WEAK = YES;
				CLANG_WARN_BLOCK_CAPTURE_AUTORELEASING = YES;
				CLANG_WARN_BOOL_CONVERSION = YES;
				CLANG_WARN_COMMA = YES;
				CLANG_WARN_CONSTANT_CONVERSION = YES;
				CLANG_WARN_DEPRECATED_OBJC_IMPLEMENTATIONS = YES;
				CLANG_WARN_DIRECT_OBJC_ISA_USAGE = YES_ERROR;
				CLANG_WARN_DOCUMENTATION_COMMENTS = YES;
				CLANG_WARN_EMPTY_BODY = YES;
				CLANG_WARN_ENUM_CONVERSION = YES;
				CLANG_WARN_INFINITE_RECURSION = YES;
				CLANG_WARN_INT_CONVERSION = YES;
				CLANG_WARN_NON_LITERAL_NULL_CONVERSION = YES;
				CLANG_WARN_OBJC_IMPLICIT_RETAIN_SELF = YES;
				CLANG_WARN_OBJC_LITERAL_CONVERSION = YES;
				CLANG_WARN_OBJC_ROOT_CLASS = YES_ERROR;
				CLANG_WARN_QUOTED_INCLUDE_IN_FRAMEWORK_HEADER = YES;
				CLANG_WARN_RANGE_LOOP_ANALYSIS = YES;
				CLANG_WARN_STRICT_PROTOTYPES = YES;
				CLANG_WARN_SUSPICIOUS_MOVE = YES;
				CLANG_WARN_UNGUARDED_AVAILABILITY = YES_AGGRESSIVE;
				CLANG_WARN_UNREACHABLE_CODE = YES;
				CLANG_WARN__DUPLICATE_METHOD_MATCH = YES;
				COPY_PHASE_STRIP = NO;
				DEBUG_INFORMATION_FORMAT = "dwarf-with-dsym";
				ENABLE_NS_ASSERTIONS = NO;
				ENABLE_STRICT_OBJC_MSGSEND = YES;
				ENABLE_USER_SCRIPT_SANDBOXING = YES;
				GCC_C_LANGUAGE_STANDARD = gnu17;
				GCC_NO_COMMON_BLOCKS = YES;
				GCC_WARN_64_TO_32_BIT_CONVERSION = YES;
				GCC_WARN_ABOUT_RETURN_TYPE = YES_ERROR;
				GCC_WARN_UNDECLARED_SELECTOR = YES;
				GCC_WARN_UNINITIALIZED_AUTOS = YES_AGGRESSIVE;
				GCC_WARN_UNUSED_FUNCTION = YES;
				GCC_WARN_UNUSED_VARIABLE = YES;
				IPHONEOS_DEPLOYMENT_TARGET = 26.0;
				LOCALIZATION_PREFERS_STRING_CATALOGS = YES;
				MTL_ENABLE_DEBUG_INFO = NO;
				MTL_FAST_MATH = YES;
				SDKROOT = iphoneos;
				SWIFT_COMPILATION_MODE = wholemodule;
				VALIDATE_PRODUCT = YES;
			};
			name = Release;
		};
		4D148A102F2BF12C00F8920D /* Debug */ = {
			isa = XCBuildConfiguration;
			buildSettings = {
				ASSETCATALOG_COMPILER_APPICON_NAME = AppIcon;
				ASSETCATALOG_COMPILER_GLOBAL_ACCENT_COLOR_NAME = AccentColor;
				CODE_SIGN_STYLE = Automatic;
				CURRENT_PROJECT_VERSION = 1;
				ENABLE_PREVIEWS = YES;
				GENERATE_INFOPLIST_FILE = YES;
				INFOPLIST_FILE = TravelSchedule/Resources/Info.plist;
				INFOPLIST_KEY_UIApplicationSceneManifest_Generation = YES;
				INFOPLIST_KEY_UIApplicationSupportsIndirectInputEvents = YES;
				INFOPLIST_KEY_UISupportedInterfaceOrientations = UIInterfaceOrientationPortrait;
				INFOPLIST_KEY_UISupportedInterfaceOrientations_iPad = "UIInterfaceOrientationLandscapeLeft UIInterfaceOrientationLandscapeRight UIInterfaceOrientationPortrait UIInterfaceOrientationPortraitUpsideDown";
				IPHONEOS_DEPLOYMENT_TARGET = 17;
				LD_RUNPATH_SEARCH_PATHS = (
					"$(inherited)",
					"@executable_path/Frameworks",
				);
				MARKETING_VERSION = 1.0;
				PRODUCT_BUNDLE_IDENTIFIER = com.alla.black.TravelSchedule;
				PRODUCT_NAME = "$(TARGET_NAME)";
				STRING_CATALOG_GENERATE_SYMBOLS = YES;
				SUPPORTED_PLATFORMS = "iphoneos iphonesimulator";
				SUPPORTS_MACCATALYST = NO;
				SUPPORTS_MAC_DESIGNED_FOR_IPHONE_IPAD = NO;
				SUPPORTS_XR_DESIGNED_FOR_IPHONE_IPAD = NO;
				SWIFT_APPROACHABLE_CONCURRENCY = YES;
				SWIFT_DEFAULT_ACTOR_ISOLATION = MainActor;
				SWIFT_EMIT_LOC_STRINGS = YES;
				SWIFT_UPCOMING_FEATURE_MEMBER_IMPORT_VISIBILITY = YES;
				SWIFT_VERSION = 5.0;
				TARGETED_DEVICE_FAMILY = 1;
			};
			name = Debug;
		};
		4D148A112F2BF12C00F8920D /* Release */ = {
			isa = XCBuildConfiguration;
			buildSettings = {
				ASSETCATALOG_COMPILER_APPICON_NAME = AppIcon;
				ASSETCATALOG_COMPILER_GLOBAL_ACCENT_COLOR_NAME = AccentColor;
				CODE_SIGN_STYLE = Automatic;
				CURRENT_PROJECT_VERSION = 1;
				ENABLE_PREVIEWS = YES;
				GENERATE_INFOPLIST_FILE = YES;
				INFOPLIST_FILE = TravelSchedule/Resources/Info.plist;
				INFOPLIST_KEY_UIApplicationSceneManifest_Generation = YES;
				INFOPLIST_KEY_UIApplicationSupportsIndirectInputEvents = YES;
				INFOPLIST_KEY_UISupportedInterfaceOrientations = UIInterfaceOrientationPortrait;
				INFOPLIST_KEY_UISupportedInterfaceOrientations_iPad = "UIInterfaceOrientationLandscapeLeft UIInterfaceOrientationLandscapeRight UIInterfaceOrientationPortrait UIInterfaceOrientationPortraitUpsideDown";
				IPHONEOS_DEPLOYMENT_TARGET = 17;
				LD_RUNPATH_SEARCH_PATHS = (
					"$(inherited)",
					"@executable_path/Frameworks",
				);
				MARKETING_VERSION = 1.0;
				PRODUCT_BUNDLE_IDENTIFIER = com.alla.black.TravelSchedule;
				PRODUCT_NAME = "$(TARGET_NAME)";
				STRING_CATALOG_GENERATE_SYMBOLS = YES;
				SUPPORTED_PLATFORMS = "iphoneos iphonesimulator";
				SUPPORTS_MACCATALYST = NO;
				SUPPORTS_MAC_DESIGNED_FOR_IPHONE_IPAD = NO;
				SUPPORTS_XR_DESIGNED_FOR_IPHONE_IPAD = NO;
				SWIFT_APPROACHABLE_CONCURRENCY = YES;
				SWIFT_DEFAULT_ACTOR_ISOLATION = MainActor;
				SWIFT_EMIT_LOC_STRINGS = YES;
				SWIFT_UPCOMING_FEATURE_MEMBER_IMPORT_VISIBILITY = YES;
				SWIFT_VERSION = 5.0;
				TARGETED_DEVICE_FAMILY = 1;
			};
			name = Release;
		};
/* End XCBuildConfiguration section */

/* Begin XCConfigurationList section */
		4D1489FF2F2BF12B00F8920D /* Build configuration list for PBXProject "TravelSchedule" */ = {
			isa = XCConfigurationList;
			buildConfigurations = (
				4D148A0D2F2BF12C00F8920D /* Debug */,
				4D148A0E2F2BF12C00F8920D /* Release */,
			);
			defaultConfigurationIsVisible = 0;
			defaultConfigurationName = Release;
		};
		4D148A0F2F2BF12C00F8920D /* Build configuration list for PBXNativeTarget "TravelSchedule" */ = {
			isa = XCConfigurationList;
			buildConfigurations = (
				4D148A102F2BF12C00F8920D /* Debug */,
				4D148A112F2BF12C00F8920D /* Release */,
			);
			defaultConfigurationIsVisible = 0;
			defaultConfigurationName = Release;
		};
/* End XCConfigurationList section */

/* Begin XCRemoteSwiftPackageReference section */
		4D148A212F30F0B800F8920D /* XCRemoteSwiftPackageReference "swift-openapi-generator" */ = {
			isa = XCRemoteSwiftPackageReference;
			repositoryURL = "https://github.com/apple/swift-openapi-generator";
			requirement = {
				kind = upToNextMajorVersion;
				minimumVersion = 1.10.4;
			};
		};
		4D148A222F30F0FD00F8920D /* XCRemoteSwiftPackageReference "swift-openapi-runtime" */ = {
			isa = XCRemoteSwiftPackageReference;
			repositoryURL = "https://github.com/apple/swift-openapi-runtime";
			requirement = {
				kind = upToNextMajorVersion;
				minimumVersion = 1.9.0;
			};
		};
		4D148A252F30F11C00F8920D /* XCRemoteSwiftPackageReference "swift-openapi-urlsession" */ = {
			isa = XCRemoteSwiftPackageReference;
			repositoryURL = "https://github.com/apple/swift-openapi-urlsession";
			requirement = {
				kind = upToNextMajorVersion;
				minimumVersion = 1.2.0;
			};
		};
/* End XCRemoteSwiftPackageReference section */

/* Begin XCSwiftPackageProductDependency section */
		4D148A232F30F0FD00F8920D /* OpenAPIRuntime */ = {
			isa = XCSwiftPackageProductDependency;
			package = 4D148A222F30F0FD00F8920D /* XCRemoteSwiftPackageReference "swift-openapi-runtime" */;
			productName = OpenAPIRuntime;
		};
		4D148A262F30F11C00F8920D /* OpenAPIURLSession */ = {
			isa = XCSwiftPackageProductDependency;
			package = 4D148A252F30F11C00F8920D /* XCRemoteSwiftPackageReference "swift-openapi-urlsession" */;
			productName = OpenAPIURLSession;
		};
		4D148A2E2F30F32100F8920D /* OpenAPIGenerator */ = {
			isa = XCSwiftPackageProductDependency;
			package = 4D148A212F30F0B800F8920D /* XCRemoteSwiftPackageReference "swift-openapi-generator" */;
			productName = "plugin:OpenAPIGenerator";
		};
/* End XCSwiftPackageProductDependency section */
	};
	rootObject = 4D1489FC2F2BF12B00F8920D /* Project object */;
}
